<Solution>
  <Folder Name="/src/">
    <Project Path="src/ContabPOC.API/ContabPOC.API.csproj" />
    <Project Path="src/ContabPOC.Application/ContabPOC.Application.csproj" />
    <Project Path="src/ContabPOC.Domain/ContabPOC.Domain.csproj" />
    <Project Path="src/ContabPOC.Infrastructure/ContabPOC.Infrastructure.csproj" />
  </Folder>
  <Folder Name="/tests/">
    <Project Path="tests/ContabPOC.Tests/ContabPOC.Tests.csproj" />
  </Folder>
</Solution>
