<Solution>
  <Folder Name="/src/">
    <Project Path="src/TemplateBase.API/TemplateBase.API.csproj" />
    <Project Path="src/TemplateBase.Application/TemplateBase.Application.csproj" />
    <Project Path="src/TemplateBase.Domain/TemplateBase.Domain.csproj" />
    <Project Path="src/TemplateBase.Infrastructure/TemplateBase.Infrastructure.csproj" />
  </Folder>
  <Folder Name="/tests/">
    <Project Path="tests/TemplateBase.Tests/TemplateBase.Tests.csproj" />
  </Folder>
</Solution>
