
Microsoft Visual Studio Solution File, Format Version 12.00
# Visual Studio Version 17
VisualStudioVersion = 17.4.33205.214
MinimumVisualStudioVersion = 10.0.40219.1
Project("{2150E333-8FDC-42A3-9474-1A3956D46DE8}") = "AcessoDados", "AcessoDados", "{DABB73CA-305B-4AAF-8E5F-D58719B00654}"
EndProject
Project("{2150E333-8FDC-42A3-9474-1A3956D46DE8}") = "Apresentacao", "Apresentacao", "{D698642F-3D8E-4B98-9B69-2B59276694AF}"
EndProject
Project("{2150E333-8FDC-42A3-9474-1A3956D46DE8}") = "Componentes", "Componentes", "{0482F4AD-42B1-4CB3-A4BA-ADBEDD2F3220}"
EndProject
Project("{2150E333-8FDC-42A3-9474-1A3956D46DE8}") = "Negocio", "Negocio", "{61C6AC01-97D8-4C95-A599-BDE5D8D406A0}"
EndProject
Project("{2150E333-8FDC-42A3-9474-1A3956D46DE8}") = "Servicos", "Servicos", "{A7C977EE-5EBB-4FE1-9EF3-04BCF763D994}"
EndProject
Project("{2150E333-8FDC-42A3-9474-1A3956D46DE8}") = "Solution Items", "Solution Items", "{5ED87480-938B-4D27-9F5B-A0F6E9A3301C}"
	ProjectSection(SolutionItems) = preProject
		FUNCEF.WebEmprestimo.vsmdi = FUNCEF.WebEmprestimo.vsmdi
		LocalTestRun.testrunconfig = LocalTestRun.testrunconfig
		TextFile1.txt = TextFile1.txt
	EndProjectSection
EndProject
Project("{2150E333-8FDC-42A3-9474-1A3956D46DE8}") = "Testes", "Testes", "{3AF377A8-1A80-4D21-B6F8-DF018A221318}"
EndProject
Project("{2150E333-8FDC-42A3-9474-1A3956D46DE8}") = "Tipos", "Tipos", "{8BEB0EF7-CED3-42F5-B1C8-C86DF7E130D8}"
EndProject
Project("{2150E333-8FDC-42A3-9474-1A3956D46DE8}") = "Instalacao", "Instalacao", "{F80360E0-8336-441E-8401-460DD3F8414F}"
	ProjectSection(SolutionItems) = preProject
		InstallConector.bat = InstallConector.bat
		InstallService.bat = InstallService.bat
		InstallWeb.bat = InstallWeb.bat
		SuporteInstalacao.exe = SuporteInstalacao.exe
		VariaveisConector.bat = VariaveisConector.bat
		VariaveisService.bat = VariaveisService.bat
		VariaveisWeb.bat = VariaveisWeb.bat
	EndProjectSection
EndProject
Project("{2150E333-8FDC-42A3-9474-1A3956D46DE8}") = "Conector Web", "Conector Web", "{38E0BE8F-3F01-4697-9F58-99A26491A547}"
EndProject
Project("{2150E333-8FDC-42A3-9474-1A3956D46DE8}") = "ObjetosNegocio", "ObjetosNegocio", "{E3ED2E52-1591-4F10-9BF4-469A3BCE067F}"
EndProject
Project("{FAE04EC0-301F-11D3-BF4B-00C04F79EFBC}") = "FUNCEF.Planus.WebEmprestimo.AcessoDados", "FUNCEF.WebEmprestimo.AcessoDados\FUNCEF.Planus.WebEmprestimo.AcessoDados.csproj", "{B1BCF6B5-74FA-4985-BC54-B5924B935B1D}"
EndProject
Project("{FAE04EC0-301F-11D3-BF4B-00C04F79EFBC}") = "FUNCEF.Planus.WebEmprestimo.AcessoDados.Objetos", "FUNCEF.WebEmprestimo.AcessoDados.Objetos\FUNCEF.Planus.WebEmprestimo.AcessoDados.Objetos.csproj", "{65357ADC-A303-4216-B41F-D9B367D108DA}"
EndProject
Project("{FAE04EC0-301F-11D3-BF4B-00C04F79EFBC}") = "FUNCEF.WebEmprestimo.Bibliotecas", "FUNCEF.WebEmprestimo.Bibliotecas\FUNCEF.WebEmprestimo.Bibliotecas.csproj", "{4F3E3377-0448-459A-AF13-ACCCD0D155C9}"
EndProject
Project("{FAE04EC0-301F-11D3-BF4B-00C04F79EFBC}") = "FUNCEF.Planus.WebEmprestimo.Web", "FUNCEF.WebEmprestimo.Web\FUNCEF.Planus.WebEmprestimo.Web.csproj", "{747ED957-9F4D-478E-86B3-9F461C9EE8FC}"
EndProject
Project("{FAE04EC0-301F-11D3-BF4B-00C04F79EFBC}") = "FUNCEF.Planus.WebEmprestimo.Web.Componentes", "FUNCEF.WebEmprestimo.Web.Componentes\FUNCEF.Planus.WebEmprestimo.Web.Componentes.csproj", "{20E2C400-895C-42C6-AA47-F6912B6FF503}"
EndProject
Project("{FAE04EC0-301F-11D3-BF4B-00C04F79EFBC}") = "FUNCEF.Planus.WebEmprestimo.Web.Proxies", "FUNCEF.WebEmprestimo.Web.Proxies\FUNCEF.Planus.WebEmprestimo.Web.Proxies.csproj", "{846E3753-081C-47BE-AAB6-A9F1FD60505D}"
EndProject
Project("{FAE04EC0-301F-11D3-BF4B-00C04F79EFBC}") = "FUNCEF.Planus.WebEmprestimo.Negocio", "FUNCEF.WebEmprestimo.Negocio\FUNCEF.Planus.WebEmprestimo.Negocio.csproj", "{8044249B-76AF-402A-A3CF-00F07667056C}"
EndProject
Project("{FAE04EC0-301F-11D3-BF4B-00C04F79EFBC}") = "FUNCEF.Planus.WebEmprestimo.Servicos", "FUNCEF.WebEmprestimo.Servicos\FUNCEF.Planus.WebEmprestimo.Servicos.csproj", "{F882003E-CFEE-44B6-A2DA-A36FBBEDCA5A}"
EndProject
Project("{FAE04EC0-301F-11D3-BF4B-00C04F79EFBC}") = "FUNCEF.Planus.WebEmprestimo.Servicos.Objetos", "FUNCEF.WebEmprestimo.Servicos.Objetos\FUNCEF.Planus.WebEmprestimo.Servicos.Objetos.csproj", "{D5A11B05-7AD7-4EC0-9E84-CD1D3E2C2B01}"
EndProject
Project("{FAE04EC0-301F-11D3-BF4B-00C04F79EFBC}") = "FUNCEF.Planus.WebEmprestimo.ServicosWeb", "FUNCEF.WebEmprestimo.ServicosWeb\FUNCEF.Planus.WebEmprestimo.ServicosWeb.csproj", "{4CFDDEF4-16CF-4672-97CE-157FF70C4C3E}"
EndProject
Project("{FAE04EC0-301F-11D3-BF4B-00C04F79EFBC}") = "FUNCEF.Planus.WebEmprestimo.Testes", "FUNCEF.WebEmprestimo.Testes\FUNCEF.Planus.WebEmprestimo.Testes.csproj", "{B6A56F88-3DD0-457F-A89D-4CF2AD9A7177}"
EndProject
Project("{FAE04EC0-301F-11D3-BF4B-00C04F79EFBC}") = "FUNCEF.Planus.WebEmprestimo.Tipos", "FUNCEF.WebEmprestimo.Tipos\FUNCEF.Planus.WebEmprestimo.Tipos.csproj", "{3D0AD62A-4597-4CA8-8FFE-4C273BC87DFD}"
EndProject
Project("{FAE04EC0-301F-11D3-BF4B-00C04F79EFBC}") = "FUNCEF.Planus.WebEmprestimo.Conector", "FUNCEF.WebEmprestimo.Conector\FUNCEF.Planus.WebEmprestimo.Conector.csproj", "{9B042727-51BA-4926-8F82-3D0A30C30735}"
EndProject
Project("{FAE04EC0-301F-11D3-BF4B-00C04F79EFBC}") = "FUNCEF.Planus.WebEmprestimo.ObjetosNegocio", "FUNCEF.Planus.WebEmprestimo.ObjetosNegocio\FUNCEF.Planus.WebEmprestimo.ObjetosNegocio.csproj", "{A023783F-C5D7-4DAC-B30D-99E6EAEC76AF}"
EndProject
Project("{FAE04EC0-301F-11D3-BF4B-00C04F79EFBC}") = "FUNCEF.Planus.GlobalWeb.AcessoDados", "..\FUNCEF.GlobalWeb\FUNCEF.GlobalWeb.AcessoDados\FUNCEF.Planus.GlobalWeb.AcessoDados.csproj", "{E19BCF84-D6E6-4CA5-99F0-70810CD09CEF}"
EndProject
Project("{FAE04EC0-301F-11D3-BF4B-00C04F79EFBC}") = "FUNCEF.Planus.GlobalWeb.AcessoDados.Objetos", "..\FUNCEF.GlobalWeb\FUNCEF.GlobalWeb.AcessoDados.Objetos\FUNCEF.Planus.GlobalWeb.AcessoDados.Objetos.csproj", "{222E31C0-746D-4851-B779-2283D6464FE3}"
EndProject
Project("{FAE04EC0-301F-11D3-BF4B-00C04F79EFBC}") = "FUNCEF.Planus.GlobalWeb.Cliente", "..\FUNCEF.GlobalWeb\FUNCEF.GlobalWeb.Cliente\FUNCEF.Planus.GlobalWeb.Cliente.csproj", "{0F3A7203-3DEE-4887-ADF1-61B1AE45C6FA}"
EndProject
Project("{FAE04EC0-301F-11D3-BF4B-00C04F79EFBC}") = "FUNCEF.Planus.GlobalWeb.Servicos", "..\FUNCEF.GlobalWeb\FUNCEF.GlobalWeb.Servicos\FUNCEF.Planus.GlobalWeb.Servicos.csproj", "{CA64AEC5-0318-416E-84B1-3C2A421B876A}"
EndProject
Project("{FAE04EC0-301F-11D3-BF4B-00C04F79EFBC}") = "FUNCEF.Planus.GlobalWeb.Tipos", "..\FUNCEF.GlobalWeb\FUNCEF.GlobalWeb.Tipos\FUNCEF.Planus.GlobalWeb.Tipos.csproj", "{7C54796D-3EE4-45D0-AB95-2ACE28E7D1CB}"
EndProject
Project("{FAE04EC0-301F-11D3-BF4B-00C04F79EFBC}") = "FUNCEF.Planus.Componentes", "..\FUNCEF.Planus\FUNCEF.Planus.Componentes\FUNCEF.Planus.Componentes.csproj", "{3D438442-C811-4207-8C96-6967924FE94F}"
EndProject
Project("{FAE04EC0-301F-11D3-BF4B-00C04F79EFBC}") = "FUNCEF.Planus.GlobalWeb.Web.Componentes", "..\FUNCEF.GlobalWeb\FUNCEF.GlobalWeb.Web.Componentes\FUNCEF.Planus.GlobalWeb.Web.Componentes.csproj", "{34DFA8A9-302C-49E5-9FA6-06D77B8E49CC}"
EndProject
Project("{FAE04EC0-301F-11D3-BF4B-00C04F79EFBC}") = "FUNCEF.Planus.GlobalWeb.Web.IU", "..\FUNCEF.GlobalWeb\FUNCEF.GlobalWeb.Web.IU\FUNCEF.Planus.GlobalWeb.Web.IU.csproj", "{161AFDF7-2052-4DFF-8DA3-3DC8789449DC}"
EndProject
Project("{FAE04EC0-301F-11D3-BF4B-00C04F79EFBC}") = "FUNCEF.Planus.GlobalWeb.ServicosGlobalWeb", "..\FUNCEF.GlobalWeb\FUNCEF.GlobalWeb.ServicosGlobalWeb\FUNCEF.Planus.GlobalWeb.ServicosGlobalWeb.csproj", "{0A2F815A-95D2-49BC-9F12-AC7E04C87B72}"
EndProject
Global
	GlobalSection(SolutionConfigurationPlatforms) = preSolution
		Debug|Any CPU = Debug|Any CPU
		Debug|x64 = Debug|x64
		Debug|x86 = Debug|x86
		Release|Any CPU = Release|Any CPU
		Release|x64 = Release|x64
		Release|x86 = Release|x86
	EndGlobalSection
	GlobalSection(ProjectConfigurationPlatforms) = postSolution
		{B1BCF6B5-74FA-4985-BC54-B5924B935B1D}.Debug|Any CPU.ActiveCfg = Debug|Any CPU
		{B1BCF6B5-74FA-4985-BC54-B5924B935B1D}.Debug|Any CPU.Build.0 = Debug|Any CPU
		{B1BCF6B5-74FA-4985-BC54-B5924B935B1D}.Debug|x64.ActiveCfg = Debug|Any CPU
		{B1BCF6B5-74FA-4985-BC54-B5924B935B1D}.Debug|x64.Build.0 = Debug|Any CPU
		{B1BCF6B5-74FA-4985-BC54-B5924B935B1D}.Debug|x86.ActiveCfg = Debug|Any CPU
		{B1BCF6B5-74FA-4985-BC54-B5924B935B1D}.Debug|x86.Build.0 = Debug|Any CPU
		{B1BCF6B5-74FA-4985-BC54-B5924B935B1D}.Release|Any CPU.ActiveCfg = Release|Any CPU
		{B1BCF6B5-74FA-4985-BC54-B5924B935B1D}.Release|Any CPU.Build.0 = Release|Any CPU
		{B1BCF6B5-74FA-4985-BC54-B5924B935B1D}.Release|x64.ActiveCfg = Release|Any CPU
		{B1BCF6B5-74FA-4985-BC54-B5924B935B1D}.Release|x64.Build.0 = Release|Any CPU
		{B1BCF6B5-74FA-4985-BC54-B5924B935B1D}.Release|x86.ActiveCfg = Release|Any CPU
		{B1BCF6B5-74FA-4985-BC54-B5924B935B1D}.Release|x86.Build.0 = Release|Any CPU
		{65357ADC-A303-4216-B41F-D9B367D108DA}.Debug|Any CPU.ActiveCfg = Debug|Any CPU
		{65357ADC-A303-4216-B41F-D9B367D108DA}.Debug|Any CPU.Build.0 = Debug|Any CPU
		{65357ADC-A303-4216-B41F-D9B367D108DA}.Debug|x64.ActiveCfg = Debug|Any CPU
		{65357ADC-A303-4216-B41F-D9B367D108DA}.Debug|x64.Build.0 = Debug|Any CPU
		{65357ADC-A303-4216-B41F-D9B367D108DA}.Debug|x86.ActiveCfg = Debug|Any CPU
		{65357ADC-A303-4216-B41F-D9B367D108DA}.Debug|x86.Build.0 = Debug|Any CPU
		{65357ADC-A303-4216-B41F-D9B367D108DA}.Release|Any CPU.ActiveCfg = Release|Any CPU
		{65357ADC-A303-4216-B41F-D9B367D108DA}.Release|Any CPU.Build.0 = Release|Any CPU
		{65357ADC-A303-4216-B41F-D9B367D108DA}.Release|x64.ActiveCfg = Release|Any CPU
		{65357ADC-A303-4216-B41F-D9B367D108DA}.Release|x64.Build.0 = Release|Any CPU
		{65357ADC-A303-4216-B41F-D9B367D108DA}.Release|x86.ActiveCfg = Release|Any CPU
		{65357ADC-A303-4216-B41F-D9B367D108DA}.Release|x86.Build.0 = Release|Any CPU
		{4F3E3377-0448-459A-AF13-ACCCD0D155C9}.Debug|Any CPU.ActiveCfg = Debug|Any CPU
		{4F3E3377-0448-459A-AF13-ACCCD0D155C9}.Debug|Any CPU.Build.0 = Debug|Any CPU
		{4F3E3377-0448-459A-AF13-ACCCD0D155C9}.Debug|x64.ActiveCfg = Debug|Any CPU
		{4F3E3377-0448-459A-AF13-ACCCD0D155C9}.Debug|x64.Build.0 = Debug|Any CPU
		{4F3E3377-0448-459A-AF13-ACCCD0D155C9}.Debug|x86.ActiveCfg = Debug|Any CPU
		{4F3E3377-0448-459A-AF13-ACCCD0D155C9}.Debug|x86.Build.0 = Debug|Any CPU
		{4F3E3377-0448-459A-AF13-ACCCD0D155C9}.Release|Any CPU.ActiveCfg = Release|Any CPU
		{4F3E3377-0448-459A-AF13-ACCCD0D155C9}.Release|Any CPU.Build.0 = Release|Any CPU
		{4F3E3377-0448-459A-AF13-ACCCD0D155C9}.Release|x64.ActiveCfg = Release|Any CPU
		{4F3E3377-0448-459A-AF13-ACCCD0D155C9}.Release|x64.Build.0 = Release|Any CPU
		{4F3E3377-0448-459A-AF13-ACCCD0D155C9}.Release|x86.ActiveCfg = Release|Any CPU
		{4F3E3377-0448-459A-AF13-ACCCD0D155C9}.Release|x86.Build.0 = Release|Any CPU
		{747ED957-9F4D-478E-86B3-9F461C9EE8FC}.Debug|Any CPU.ActiveCfg = Debug|Any CPU
		{747ED957-9F4D-478E-86B3-9F461C9EE8FC}.Debug|Any CPU.Build.0 = Debug|Any CPU
		{747ED957-9F4D-478E-86B3-9F461C9EE8FC}.Debug|x64.ActiveCfg = Debug|Any CPU
		{747ED957-9F4D-478E-86B3-9F461C9EE8FC}.Debug|x64.Build.0 = Debug|Any CPU
		{747ED957-9F4D-478E-86B3-9F461C9EE8FC}.Debug|x86.ActiveCfg = Debug|Any CPU
		{747ED957-9F4D-478E-86B3-9F461C9EE8FC}.Debug|x86.Build.0 = Debug|Any CPU
		{747ED957-9F4D-478E-86B3-9F461C9EE8FC}.Release|Any CPU.ActiveCfg = Release|Any CPU
		{747ED957-9F4D-478E-86B3-9F461C9EE8FC}.Release|Any CPU.Build.0 = Release|Any CPU
		{747ED957-9F4D-478E-86B3-9F461C9EE8FC}.Release|x64.ActiveCfg = Release|Any CPU
		{747ED957-9F4D-478E-86B3-9F461C9EE8FC}.Release|x64.Build.0 = Release|Any CPU
		{747ED957-9F4D-478E-86B3-9F461C9EE8FC}.Release|x86.ActiveCfg = Release|Any CPU
		{747ED957-9F4D-478E-86B3-9F461C9EE8FC}.Release|x86.Build.0 = Release|Any CPU
		{20E2C400-895C-42C6-AA47-F6912B6FF503}.Debug|Any CPU.ActiveCfg = Debug|Any CPU
		{20E2C400-895C-42C6-AA47-F6912B6FF503}.Debug|Any CPU.Build.0 = Debug|Any CPU
		{20E2C400-895C-42C6-AA47-F6912B6FF503}.Debug|x64.ActiveCfg = Debug|Any CPU
		{20E2C400-895C-42C6-AA47-F6912B6FF503}.Debug|x64.Build.0 = Debug|Any CPU
		{20E2C400-895C-42C6-AA47-F6912B6FF503}.Debug|x86.ActiveCfg = Debug|Any CPU
		{20E2C400-895C-42C6-AA47-F6912B6FF503}.Debug|x86.Build.0 = Debug|Any CPU
		{20E2C400-895C-42C6-AA47-F6912B6FF503}.Release|Any CPU.ActiveCfg = Release|Any CPU
		{20E2C400-895C-42C6-AA47-F6912B6FF503}.Release|Any CPU.Build.0 = Release|Any CPU
		{20E2C400-895C-42C6-AA47-F6912B6FF503}.Release|x64.ActiveCfg = Release|Any CPU
		{20E2C400-895C-42C6-AA47-F6912B6FF503}.Release|x64.Build.0 = Release|Any CPU
		{20E2C400-895C-42C6-AA47-F6912B6FF503}.Release|x86.ActiveCfg = Release|Any CPU
		{20E2C400-895C-42C6-AA47-F6912B6FF503}.Release|x86.Build.0 = Release|Any CPU
		{846E3753-081C-47BE-AAB6-A9F1FD60505D}.Debug|Any CPU.ActiveCfg = Debug|Any CPU
		{846E3753-081C-47BE-AAB6-A9F1FD60505D}.Debug|Any CPU.Build.0 = Debug|Any CPU
		{846E3753-081C-47BE-AAB6-A9F1FD60505D}.Debug|x64.ActiveCfg = Debug|Any CPU
		{846E3753-081C-47BE-AAB6-A9F1FD60505D}.Debug|x64.Build.0 = Debug|Any CPU
		{846E3753-081C-47BE-AAB6-A9F1FD60505D}.Debug|x86.ActiveCfg = Debug|Any CPU
		{846E3753-081C-47BE-AAB6-A9F1FD60505D}.Debug|x86.Build.0 = Debug|Any CPU
		{846E3753-081C-47BE-AAB6-A9F1FD60505D}.Release|Any CPU.ActiveCfg = Release|Any CPU
		{846E3753-081C-47BE-AAB6-A9F1FD60505D}.Release|Any CPU.Build.0 = Release|Any CPU
		{846E3753-081C-47BE-AAB6-A9F1FD60505D}.Release|x64.ActiveCfg = Release|Any CPU
		{846E3753-081C-47BE-AAB6-A9F1FD60505D}.Release|x64.Build.0 = Release|Any CPU
		{846E3753-081C-47BE-AAB6-A9F1FD60505D}.Release|x86.ActiveCfg = Release|Any CPU
		{846E3753-081C-47BE-AAB6-A9F1FD60505D}.Release|x86.Build.0 = Release|Any CPU
		{8044249B-76AF-402A-A3CF-00F07667056C}.Debug|Any CPU.ActiveCfg = Debug|Any CPU
		{8044249B-76AF-402A-A3CF-00F07667056C}.Debug|Any CPU.Build.0 = Debug|Any CPU
		{8044249B-76AF-402A-A3CF-00F07667056C}.Debug|x64.ActiveCfg = Debug|Any CPU
		{8044249B-76AF-402A-A3CF-00F07667056C}.Debug|x64.Build.0 = Debug|Any CPU
		{8044249B-76AF-402A-A3CF-00F07667056C}.Debug|x86.ActiveCfg = Debug|Any CPU
		{8044249B-76AF-402A-A3CF-00F07667056C}.Debug|x86.Build.0 = Debug|Any CPU
		{8044249B-76AF-402A-A3CF-00F07667056C}.Release|Any CPU.ActiveCfg = Release|Any CPU
		{8044249B-76AF-402A-A3CF-00F07667056C}.Release|Any CPU.Build.0 = Release|Any CPU
		{8044249B-76AF-402A-A3CF-00F07667056C}.Release|x64.ActiveCfg = Release|Any CPU
		{8044249B-76AF-402A-A3CF-00F07667056C}.Release|x64.Build.0 = Release|Any CPU
		{8044249B-76AF-402A-A3CF-00F07667056C}.Release|x86.ActiveCfg = Release|Any CPU
		{8044249B-76AF-402A-A3CF-00F07667056C}.Release|x86.Build.0 = Release|Any CPU
		{F882003E-CFEE-44B6-A2DA-A36FBBEDCA5A}.Debug|Any CPU.ActiveCfg = Debug|Any CPU
		{F882003E-CFEE-44B6-A2DA-A36FBBEDCA5A}.Debug|Any CPU.Build.0 = Debug|Any CPU
		{F882003E-CFEE-44B6-A2DA-A36FBBEDCA5A}.Debug|x64.ActiveCfg = Debug|Any CPU
		{F882003E-CFEE-44B6-A2DA-A36FBBEDCA5A}.Debug|x64.Build.0 = Debug|Any CPU
		{F882003E-CFEE-44B6-A2DA-A36FBBEDCA5A}.Debug|x86.ActiveCfg = Debug|Any CPU
		{F882003E-CFEE-44B6-A2DA-A36FBBEDCA5A}.Debug|x86.Build.0 = Debug|Any CPU
		{F882003E-CFEE-44B6-A2DA-A36FBBEDCA5A}.Release|Any CPU.ActiveCfg = Release|Any CPU
		{F882003E-CFEE-44B6-A2DA-A36FBBEDCA5A}.Release|Any CPU.Build.0 = Release|Any CPU
		{F882003E-CFEE-44B6-A2DA-A36FBBEDCA5A}.Release|x64.ActiveCfg = Release|Any CPU
		{F882003E-CFEE-44B6-A2DA-A36FBBEDCA5A}.Release|x64.Build.0 = Release|Any CPU
		{F882003E-CFEE-44B6-A2DA-A36FBBEDCA5A}.Release|x86.ActiveCfg = Release|Any CPU
		{F882003E-CFEE-44B6-A2DA-A36FBBEDCA5A}.Release|x86.Build.0 = Release|Any CPU
		{D5A11B05-7AD7-4EC0-9E84-CD1D3E2C2B01}.Debug|Any CPU.ActiveCfg = Debug|Any CPU
		{D5A11B05-7AD7-4EC0-9E84-CD1D3E2C2B01}.Debug|Any CPU.Build.0 = Debug|Any CPU
		{D5A11B05-7AD7-4EC0-9E84-CD1D3E2C2B01}.Debug|x64.ActiveCfg = Debug|Any CPU
		{D5A11B05-7AD7-4EC0-9E84-CD1D3E2C2B01}.Debug|x64.Build.0 = Debug|Any CPU
		{D5A11B05-7AD7-4EC0-9E84-CD1D3E2C2B01}.Debug|x86.ActiveCfg = Debug|Any CPU
		{D5A11B05-7AD7-4EC0-9E84-CD1D3E2C2B01}.Debug|x86.Build.0 = Debug|Any CPU
		{D5A11B05-7AD7-4EC0-9E84-CD1D3E2C2B01}.Release|Any CPU.ActiveCfg = Release|Any CPU
		{D5A11B05-7AD7-4EC0-9E84-CD1D3E2C2B01}.Release|Any CPU.Build.0 = Release|Any CPU
		{D5A11B05-7AD7-4EC0-9E84-CD1D3E2C2B01}.Release|x64.ActiveCfg = Release|Any CPU
		{D5A11B05-7AD7-4EC0-9E84-CD1D3E2C2B01}.Release|x64.Build.0 = Release|Any CPU
		{D5A11B05-7AD7-4EC0-9E84-CD1D3E2C2B01}.Release|x86.ActiveCfg = Release|Any CPU
		{D5A11B05-7AD7-4EC0-9E84-CD1D3E2C2B01}.Release|x86.Build.0 = Release|Any CPU
		{4CFDDEF4-16CF-4672-97CE-157FF70C4C3E}.Debug|Any CPU.ActiveCfg = Debug|Any CPU
		{4CFDDEF4-16CF-4672-97CE-157FF70C4C3E}.Debug|Any CPU.Build.0 = Debug|Any CPU
		{4CFDDEF4-16CF-4672-97CE-157FF70C4C3E}.Debug|x64.ActiveCfg = Debug|Any CPU
		{4CFDDEF4-16CF-4672-97CE-157FF70C4C3E}.Debug|x64.Build.0 = Debug|Any CPU
		{4CFDDEF4-16CF-4672-97CE-157FF70C4C3E}.Debug|x86.ActiveCfg = Debug|Any CPU
		{4CFDDEF4-16CF-4672-97CE-157FF70C4C3E}.Debug|x86.Build.0 = Debug|Any CPU
		{4CFDDEF4-16CF-4672-97CE-157FF70C4C3E}.Release|Any CPU.ActiveCfg = Release|Any CPU
		{4CFDDEF4-16CF-4672-97CE-157FF70C4C3E}.Release|Any CPU.Build.0 = Release|Any CPU
		{4CFDDEF4-16CF-4672-97CE-157FF70C4C3E}.Release|x64.ActiveCfg = Release|Any CPU
		{4CFDDEF4-16CF-4672-97CE-157FF70C4C3E}.Release|x64.Build.0 = Release|Any CPU
		{4CFDDEF4-16CF-4672-97CE-157FF70C4C3E}.Release|x86.ActiveCfg = Release|Any CPU
		{4CFDDEF4-16CF-4672-97CE-157FF70C4C3E}.Release|x86.Build.0 = Release|Any CPU
		{B6A56F88-3DD0-457F-A89D-4CF2AD9A7177}.Debug|Any CPU.ActiveCfg = Debug|Any CPU
		{B6A56F88-3DD0-457F-A89D-4CF2AD9A7177}.Debug|Any CPU.Build.0 = Debug|Any CPU
		{B6A56F88-3DD0-457F-A89D-4CF2AD9A7177}.Debug|x64.ActiveCfg = Debug|Any CPU
		{B6A56F88-3DD0-457F-A89D-4CF2AD9A7177}.Debug|x64.Build.0 = Debug|Any CPU
		{B6A56F88-3DD0-457F-A89D-4CF2AD9A7177}.Debug|x86.ActiveCfg = Debug|Any CPU
		{B6A56F88-3DD0-457F-A89D-4CF2AD9A7177}.Debug|x86.Build.0 = Debug|Any CPU
		{B6A56F88-3DD0-457F-A89D-4CF2AD9A7177}.Release|Any CPU.ActiveCfg = Release|Any CPU
		{B6A56F88-3DD0-457F-A89D-4CF2AD9A7177}.Release|Any CPU.Build.0 = Release|Any CPU
		{B6A56F88-3DD0-457F-A89D-4CF2AD9A7177}.Release|x64.ActiveCfg = Release|Any CPU
		{B6A56F88-3DD0-457F-A89D-4CF2AD9A7177}.Release|x64.Build.0 = Release|Any CPU
		{B6A56F88-3DD0-457F-A89D-4CF2AD9A7177}.Release|x86.ActiveCfg = Release|Any CPU
		{B6A56F88-3DD0-457F-A89D-4CF2AD9A7177}.Release|x86.Build.0 = Release|Any CPU
		{3D0AD62A-4597-4CA8-8FFE-4C273BC87DFD}.Debug|Any CPU.ActiveCfg = Debug|Any CPU
		{3D0AD62A-4597-4CA8-8FFE-4C273BC87DFD}.Debug|Any CPU.Build.0 = Debug|Any CPU
		{3D0AD62A-4597-4CA8-8FFE-4C273BC87DFD}.Debug|x64.ActiveCfg = Debug|Any CPU
		{3D0AD62A-4597-4CA8-8FFE-4C273BC87DFD}.Debug|x64.Build.0 = Debug|Any CPU
		{3D0AD62A-4597-4CA8-8FFE-4C273BC87DFD}.Debug|x86.ActiveCfg = Debug|Any CPU
		{3D0AD62A-4597-4CA8-8FFE-4C273BC87DFD}.Debug|x86.Build.0 = Debug|Any CPU
		{3D0AD62A-4597-4CA8-8FFE-4C273BC87DFD}.Release|Any CPU.ActiveCfg = Release|Any CPU
		{3D0AD62A-4597-4CA8-8FFE-4C273BC87DFD}.Release|Any CPU.Build.0 = Release|Any CPU
		{3D0AD62A-4597-4CA8-8FFE-4C273BC87DFD}.Release|x64.ActiveCfg = Release|Any CPU
		{3D0AD62A-4597-4CA8-8FFE-4C273BC87DFD}.Release|x64.Build.0 = Release|Any CPU
		{3D0AD62A-4597-4CA8-8FFE-4C273BC87DFD}.Release|x86.ActiveCfg = Release|Any CPU
		{3D0AD62A-4597-4CA8-8FFE-4C273BC87DFD}.Release|x86.Build.0 = Release|Any CPU
		{9B042727-51BA-4926-8F82-3D0A30C30735}.Debug|Any CPU.ActiveCfg = Debug|Any CPU
		{9B042727-51BA-4926-8F82-3D0A30C30735}.Debug|Any CPU.Build.0 = Debug|Any CPU
		{9B042727-51BA-4926-8F82-3D0A30C30735}.Debug|x64.ActiveCfg = Debug|Any CPU
		{9B042727-51BA-4926-8F82-3D0A30C30735}.Debug|x64.Build.0 = Debug|Any CPU
		{9B042727-51BA-4926-8F82-3D0A30C30735}.Debug|x86.ActiveCfg = Debug|Any CPU
		{9B042727-51BA-4926-8F82-3D0A30C30735}.Debug|x86.Build.0 = Debug|Any CPU
		{9B042727-51BA-4926-8F82-3D0A30C30735}.Release|Any CPU.ActiveCfg = Release|Any CPU
		{9B042727-51BA-4926-8F82-3D0A30C30735}.Release|Any CPU.Build.0 = Release|Any CPU
		{9B042727-51BA-4926-8F82-3D0A30C30735}.Release|x64.ActiveCfg = Release|Any CPU
		{9B042727-51BA-4926-8F82-3D0A30C30735}.Release|x64.Build.0 = Release|Any CPU
		{9B042727-51BA-4926-8F82-3D0A30C30735}.Release|x86.ActiveCfg = Release|Any CPU
		{9B042727-51BA-4926-8F82-3D0A30C30735}.Release|x86.Build.0 = Release|Any CPU
		{A023783F-C5D7-4DAC-B30D-99E6EAEC76AF}.Debug|Any CPU.ActiveCfg = Debug|Any CPU
		{A023783F-C5D7-4DAC-B30D-99E6EAEC76AF}.Debug|Any CPU.Build.0 = Debug|Any CPU
		{A023783F-C5D7-4DAC-B30D-99E6EAEC76AF}.Debug|x64.ActiveCfg = Debug|Any CPU
		{A023783F-C5D7-4DAC-B30D-99E6EAEC76AF}.Debug|x64.Build.0 = Debug|Any CPU
		{A023783F-C5D7-4DAC-B30D-99E6EAEC76AF}.Debug|x86.ActiveCfg = Debug|Any CPU
		{A023783F-C5D7-4DAC-B30D-99E6EAEC76AF}.Debug|x86.Build.0 = Debug|Any CPU
		{A023783F-C5D7-4DAC-B30D-99E6EAEC76AF}.Release|Any CPU.ActiveCfg = Release|Any CPU
		{A023783F-C5D7-4DAC-B30D-99E6EAEC76AF}.Release|Any CPU.Build.0 = Release|Any CPU
		{A023783F-C5D7-4DAC-B30D-99E6EAEC76AF}.Release|x64.ActiveCfg = Release|Any CPU
		{A023783F-C5D7-4DAC-B30D-99E6EAEC76AF}.Release|x64.Build.0 = Release|Any CPU
		{A023783F-C5D7-4DAC-B30D-99E6EAEC76AF}.Release|x86.ActiveCfg = Release|Any CPU
		{A023783F-C5D7-4DAC-B30D-99E6EAEC76AF}.Release|x86.Build.0 = Release|Any CPU
		{E19BCF84-D6E6-4CA5-99F0-70810CD09CEF}.Debug|Any CPU.ActiveCfg = Debug|Any CPU
		{E19BCF84-D6E6-4CA5-99F0-70810CD09CEF}.Debug|Any CPU.Build.0 = Debug|Any CPU
		{E19BCF84-D6E6-4CA5-99F0-70810CD09CEF}.Debug|x64.ActiveCfg = Debug|Any CPU
		{E19BCF84-D6E6-4CA5-99F0-70810CD09CEF}.Debug|x64.Build.0 = Debug|Any CPU
		{E19BCF84-D6E6-4CA5-99F0-70810CD09CEF}.Debug|x86.ActiveCfg = Debug|Any CPU
		{E19BCF84-D6E6-4CA5-99F0-70810CD09CEF}.Debug|x86.Build.0 = Debug|Any CPU
		{E19BCF84-D6E6-4CA5-99F0-70810CD09CEF}.Release|Any CPU.ActiveCfg = Release|Any CPU
		{E19BCF84-D6E6-4CA5-99F0-70810CD09CEF}.Release|Any CPU.Build.0 = Release|Any CPU
		{E19BCF84-D6E6-4CA5-99F0-70810CD09CEF}.Release|x64.ActiveCfg = Release|Any CPU
		{E19BCF84-D6E6-4CA5-99F0-70810CD09CEF}.Release|x64.Build.0 = Release|Any CPU
		{E19BCF84-D6E6-4CA5-99F0-70810CD09CEF}.Release|x86.ActiveCfg = Release|Any CPU
		{E19BCF84-D6E6-4CA5-99F0-70810CD09CEF}.Release|x86.Build.0 = Release|Any CPU
		{222E31C0-746D-4851-B779-2283D6464FE3}.Debug|Any CPU.ActiveCfg = Debug|Any CPU
		{222E31C0-746D-4851-B779-2283D6464FE3}.Debug|Any CPU.Build.0 = Debug|Any CPU
		{222E31C0-746D-4851-B779-2283D6464FE3}.Debug|x64.ActiveCfg = Debug|Any CPU
		{222E31C0-746D-4851-B779-2283D6464FE3}.Debug|x64.Build.0 = Debug|Any CPU
		{222E31C0-746D-4851-B779-2283D6464FE3}.Debug|x86.ActiveCfg = Debug|Any CPU
		{222E31C0-746D-4851-B779-2283D6464FE3}.Debug|x86.Build.0 = Debug|Any CPU
		{222E31C0-746D-4851-B779-2283D6464FE3}.Release|Any CPU.ActiveCfg = Release|Any CPU
		{222E31C0-746D-4851-B779-2283D6464FE3}.Release|Any CPU.Build.0 = Release|Any CPU
		{222E31C0-746D-4851-B779-2283D6464FE3}.Release|x64.ActiveCfg = Release|Any CPU
		{222E31C0-746D-4851-B779-2283D6464FE3}.Release|x64.Build.0 = Release|Any CPU
		{222E31C0-746D-4851-B779-2283D6464FE3}.Release|x86.ActiveCfg = Release|Any CPU
		{222E31C0-746D-4851-B779-2283D6464FE3}.Release|x86.Build.0 = Release|Any CPU
		{0F3A7203-3DEE-4887-ADF1-61B1AE45C6FA}.Debug|Any CPU.ActiveCfg = Debug|Any CPU
		{0F3A7203-3DEE-4887-ADF1-61B1AE45C6FA}.Debug|Any CPU.Build.0 = Debug|Any CPU
		{0F3A7203-3DEE-4887-ADF1-61B1AE45C6FA}.Debug|x64.ActiveCfg = Debug|Any CPU
		{0F3A7203-3DEE-4887-ADF1-61B1AE45C6FA}.Debug|x64.Build.0 = Debug|Any CPU
		{0F3A7203-3DEE-4887-ADF1-61B1AE45C6FA}.Debug|x86.ActiveCfg = Debug|Any CPU
		{0F3A7203-3DEE-4887-ADF1-61B1AE45C6FA}.Debug|x86.Build.0 = Debug|Any CPU
		{0F3A7203-3DEE-4887-ADF1-61B1AE45C6FA}.Release|Any CPU.ActiveCfg = Release|Any CPU
		{0F3A7203-3DEE-4887-ADF1-61B1AE45C6FA}.Release|Any CPU.Build.0 = Release|Any CPU
		{0F3A7203-3DEE-4887-ADF1-61B1AE45C6FA}.Release|x64.ActiveCfg = Release|Any CPU
		{0F3A7203-3DEE-4887-ADF1-61B1AE45C6FA}.Release|x64.Build.0 = Release|Any CPU
		{0F3A7203-3DEE-4887-ADF1-61B1AE45C6FA}.Release|x86.ActiveCfg = Release|Any CPU
		{0F3A7203-3DEE-4887-ADF1-61B1AE45C6FA}.Release|x86.Build.0 = Release|Any CPU
		{CA64AEC5-0318-416E-84B1-3C2A421B876A}.Debug|Any CPU.ActiveCfg = Debug|Any CPU
		{CA64AEC5-0318-416E-84B1-3C2A421B876A}.Debug|Any CPU.Build.0 = Debug|Any CPU
		{CA64AEC5-0318-416E-84B1-3C2A421B876A}.Debug|x64.ActiveCfg = Debug|Any CPU
		{CA64AEC5-0318-416E-84B1-3C2A421B876A}.Debug|x64.Build.0 = Debug|Any CPU
		{CA64AEC5-0318-416E-84B1-3C2A421B876A}.Debug|x86.ActiveCfg = Debug|Any CPU
		{CA64AEC5-0318-416E-84B1-3C2A421B876A}.Debug|x86.Build.0 = Debug|Any CPU
		{CA64AEC5-0318-416E-84B1-3C2A421B876A}.Release|Any CPU.ActiveCfg = Release|Any CPU
		{CA64AEC5-0318-416E-84B1-3C2A421B876A}.Release|Any CPU.Build.0 = Release|Any CPU
		{CA64AEC5-0318-416E-84B1-3C2A421B876A}.Release|x64.ActiveCfg = Release|Any CPU
		{CA64AEC5-0318-416E-84B1-3C2A421B876A}.Release|x64.Build.0 = Release|Any CPU
		{CA64AEC5-0318-416E-84B1-3C2A421B876A}.Release|x86.ActiveCfg = Release|Any CPU
		{CA64AEC5-0318-416E-84B1-3C2A421B876A}.Release|x86.Build.0 = Release|Any CPU
		{7C54796D-3EE4-45D0-AB95-2ACE28E7D1CB}.Debug|Any CPU.ActiveCfg = Debug|Any CPU
		{7C54796D-3EE4-45D0-AB95-2ACE28E7D1CB}.Debug|Any CPU.Build.0 = Debug|Any CPU
		{7C54796D-3EE4-45D0-AB95-2ACE28E7D1CB}.Debug|x64.ActiveCfg = Debug|Any CPU
		{7C54796D-3EE4-45D0-AB95-2ACE28E7D1CB}.Debug|x64.Build.0 = Debug|Any CPU
		{7C54796D-3EE4-45D0-AB95-2ACE28E7D1CB}.Debug|x86.ActiveCfg = Debug|Any CPU
		{7C54796D-3EE4-45D0-AB95-2ACE28E7D1CB}.Debug|x86.Build.0 = Debug|Any CPU
		{7C54796D-3EE4-45D0-AB95-2ACE28E7D1CB}.Release|Any CPU.ActiveCfg = Release|Any CPU
		{7C54796D-3EE4-45D0-AB95-2ACE28E7D1CB}.Release|Any CPU.Build.0 = Release|Any CPU
		{7C54796D-3EE4-45D0-AB95-2ACE28E7D1CB}.Release|x64.ActiveCfg = Release|Any CPU
		{7C54796D-3EE4-45D0-AB95-2ACE28E7D1CB}.Release|x64.Build.0 = Release|Any CPU
		{7C54796D-3EE4-45D0-AB95-2ACE28E7D1CB}.Release|x86.ActiveCfg = Release|Any CPU
		{7C54796D-3EE4-45D0-AB95-2ACE28E7D1CB}.Release|x86.Build.0 = Release|Any CPU
		{3D438442-C811-4207-8C96-6967924FE94F}.Debug|Any CPU.ActiveCfg = Debug|Any CPU
		{3D438442-C811-4207-8C96-6967924FE94F}.Debug|Any CPU.Build.0 = Debug|Any CPU
		{3D438442-C811-4207-8C96-6967924FE94F}.Debug|x64.ActiveCfg = Debug|x64
		{3D438442-C811-4207-8C96-6967924FE94F}.Debug|x64.Build.0 = Debug|x64
		{3D438442-C811-4207-8C96-6967924FE94F}.Debug|x86.ActiveCfg = Debug|x86
		{3D438442-C811-4207-8C96-6967924FE94F}.Debug|x86.Build.0 = Debug|x86
		{3D438442-C811-4207-8C96-6967924FE94F}.Release|Any CPU.ActiveCfg = Release|Any CPU
		{3D438442-C811-4207-8C96-6967924FE94F}.Release|Any CPU.Build.0 = Release|Any CPU
		{3D438442-C811-4207-8C96-6967924FE94F}.Release|x64.ActiveCfg = Release|x64
		{3D438442-C811-4207-8C96-6967924FE94F}.Release|x64.Build.0 = Release|x64
		{3D438442-C811-4207-8C96-6967924FE94F}.Release|x86.ActiveCfg = Release|x86
		{3D438442-C811-4207-8C96-6967924FE94F}.Release|x86.Build.0 = Release|x86
		{34DFA8A9-302C-49E5-9FA6-06D77B8E49CC}.Debug|Any CPU.ActiveCfg = Debug|Any CPU
		{34DFA8A9-302C-49E5-9FA6-06D77B8E49CC}.Debug|Any CPU.Build.0 = Debug|Any CPU
		{34DFA8A9-302C-49E5-9FA6-06D77B8E49CC}.Debug|x64.ActiveCfg = Debug|Any CPU
		{34DFA8A9-302C-49E5-9FA6-06D77B8E49CC}.Debug|x64.Build.0 = Debug|Any CPU
		{34DFA8A9-302C-49E5-9FA6-06D77B8E49CC}.Debug|x86.ActiveCfg = Debug|Any CPU
		{34DFA8A9-302C-49E5-9FA6-06D77B8E49CC}.Debug|x86.Build.0 = Debug|Any CPU
		{34DFA8A9-302C-49E5-9FA6-06D77B8E49CC}.Release|Any CPU.ActiveCfg = Release|Any CPU
		{34DFA8A9-302C-49E5-9FA6-06D77B8E49CC}.Release|Any CPU.Build.0 = Release|Any CPU
		{34DFA8A9-302C-49E5-9FA6-06D77B8E49CC}.Release|x64.ActiveCfg = Release|Any CPU
		{34DFA8A9-302C-49E5-9FA6-06D77B8E49CC}.Release|x64.Build.0 = Release|Any CPU
		{34DFA8A9-302C-49E5-9FA6-06D77B8E49CC}.Release|x86.ActiveCfg = Release|Any CPU
		{34DFA8A9-302C-49E5-9FA6-06D77B8E49CC}.Release|x86.Build.0 = Release|Any CPU
		{161AFDF7-2052-4DFF-8DA3-3DC8789449DC}.Debug|Any CPU.ActiveCfg = Debug|Any CPU
		{161AFDF7-2052-4DFF-8DA3-3DC8789449DC}.Debug|Any CPU.Build.0 = Debug|Any CPU
		{161AFDF7-2052-4DFF-8DA3-3DC8789449DC}.Debug|x64.ActiveCfg = Debug|Any CPU
		{161AFDF7-2052-4DFF-8DA3-3DC8789449DC}.Debug|x64.Build.0 = Debug|Any CPU
		{161AFDF7-2052-4DFF-8DA3-3DC8789449DC}.Debug|x86.ActiveCfg = Debug|Any CPU
		{161AFDF7-2052-4DFF-8DA3-3DC8789449DC}.Debug|x86.Build.0 = Debug|Any CPU
		{161AFDF7-2052-4DFF-8DA3-3DC8789449DC}.Release|Any CPU.ActiveCfg = Release|Any CPU
		{161AFDF7-2052-4DFF-8DA3-3DC8789449DC}.Release|Any CPU.Build.0 = Release|Any CPU
		{161AFDF7-2052-4DFF-8DA3-3DC8789449DC}.Release|x64.ActiveCfg = Release|Any CPU
		{161AFDF7-2052-4DFF-8DA3-3DC8789449DC}.Release|x64.Build.0 = Release|Any CPU
		{161AFDF7-2052-4DFF-8DA3-3DC8789449DC}.Release|x86.ActiveCfg = Release|Any CPU
		{161AFDF7-2052-4DFF-8DA3-3DC8789449DC}.Release|x86.Build.0 = Release|Any CPU
		{0A2F815A-95D2-49BC-9F12-AC7E04C87B72}.Debug|Any CPU.ActiveCfg = Debug|Any CPU
		{0A2F815A-95D2-49BC-9F12-AC7E04C87B72}.Debug|Any CPU.Build.0 = Debug|Any CPU
		{0A2F815A-95D2-49BC-9F12-AC7E04C87B72}.Debug|x64.ActiveCfg = Debug|Any CPU
		{0A2F815A-95D2-49BC-9F12-AC7E04C87B72}.Debug|x64.Build.0 = Debug|Any CPU
		{0A2F815A-95D2-49BC-9F12-AC7E04C87B72}.Debug|x86.ActiveCfg = Debug|Any CPU
		{0A2F815A-95D2-49BC-9F12-AC7E04C87B72}.Debug|x86.Build.0 = Debug|Any CPU
		{0A2F815A-95D2-49BC-9F12-AC7E04C87B72}.Release|Any CPU.ActiveCfg = Release|Any CPU
		{0A2F815A-95D2-49BC-9F12-AC7E04C87B72}.Release|Any CPU.Build.0 = Release|Any CPU
		{0A2F815A-95D2-49BC-9F12-AC7E04C87B72}.Release|x64.ActiveCfg = Release|Any CPU
		{0A2F815A-95D2-49BC-9F12-AC7E04C87B72}.Release|x64.Build.0 = Release|Any CPU
		{0A2F815A-95D2-49BC-9F12-AC7E04C87B72}.Release|x86.ActiveCfg = Release|Any CPU
		{0A2F815A-95D2-49BC-9F12-AC7E04C87B72}.Release|x86.Build.0 = Release|Any CPU
	EndGlobalSection
	GlobalSection(SolutionProperties) = preSolution
		HideSolutionNode = FALSE
	EndGlobalSection
	GlobalSection(NestedProjects) = preSolution
		{B1BCF6B5-74FA-4985-BC54-B5924B935B1D} = {DABB73CA-305B-4AAF-8E5F-D58719B00654}
		{65357ADC-A303-4216-B41F-D9B367D108DA} = {DABB73CA-305B-4AAF-8E5F-D58719B00654}
		{4F3E3377-0448-459A-AF13-ACCCD0D155C9} = {0482F4AD-42B1-4CB3-A4BA-ADBEDD2F3220}
		{747ED957-9F4D-478E-86B3-9F461C9EE8FC} = {D698642F-3D8E-4B98-9B69-2B59276694AF}
		{20E2C400-895C-42C6-AA47-F6912B6FF503} = {D698642F-3D8E-4B98-9B69-2B59276694AF}
		{846E3753-081C-47BE-AAB6-A9F1FD60505D} = {D698642F-3D8E-4B98-9B69-2B59276694AF}
		{8044249B-76AF-402A-A3CF-00F07667056C} = {61C6AC01-97D8-4C95-A599-BDE5D8D406A0}
		{F882003E-CFEE-44B6-A2DA-A36FBBEDCA5A} = {A7C977EE-5EBB-4FE1-9EF3-04BCF763D994}
		{D5A11B05-7AD7-4EC0-9E84-CD1D3E2C2B01} = {A7C977EE-5EBB-4FE1-9EF3-04BCF763D994}
		{4CFDDEF4-16CF-4672-97CE-157FF70C4C3E} = {A7C977EE-5EBB-4FE1-9EF3-04BCF763D994}
		{B6A56F88-3DD0-457F-A89D-4CF2AD9A7177} = {3AF377A8-1A80-4D21-B6F8-DF018A221318}
		{3D0AD62A-4597-4CA8-8FFE-4C273BC87DFD} = {8BEB0EF7-CED3-42F5-B1C8-C86DF7E130D8}
		{9B042727-51BA-4926-8F82-3D0A30C30735} = {38E0BE8F-3F01-4697-9F58-99A26491A547}
		{A023783F-C5D7-4DAC-B30D-99E6EAEC76AF} = {E3ED2E52-1591-4F10-9BF4-469A3BCE067F}
		{E19BCF84-D6E6-4CA5-99F0-70810CD09CEF} = {DABB73CA-305B-4AAF-8E5F-D58719B00654}
		{222E31C0-746D-4851-B779-2283D6464FE3} = {DABB73CA-305B-4AAF-8E5F-D58719B00654}
		{0F3A7203-3DEE-4887-ADF1-61B1AE45C6FA} = {D698642F-3D8E-4B98-9B69-2B59276694AF}
		{CA64AEC5-0318-416E-84B1-3C2A421B876A} = {D698642F-3D8E-4B98-9B69-2B59276694AF}
		{7C54796D-3EE4-45D0-AB95-2ACE28E7D1CB} = {D698642F-3D8E-4B98-9B69-2B59276694AF}
		{3D438442-C811-4207-8C96-6967924FE94F} = {0482F4AD-42B1-4CB3-A4BA-ADBEDD2F3220}
		{34DFA8A9-302C-49E5-9FA6-06D77B8E49CC} = {0482F4AD-42B1-4CB3-A4BA-ADBEDD2F3220}
		{161AFDF7-2052-4DFF-8DA3-3DC8789449DC} = {0482F4AD-42B1-4CB3-A4BA-ADBEDD2F3220}
		{0A2F815A-95D2-49BC-9F12-AC7E04C87B72} = {A7C977EE-5EBB-4FE1-9EF3-04BCF763D994}
	EndGlobalSection
	GlobalSection(ExtensibilityGlobals) = postSolution
		SolutionGuid = {3D67F79F-FFC5-45E0-A47F-AE8387732E46}
	EndGlobalSection
EndGlobal
